
Microsoft Visual Studio Solution File, Format Version 12.00
# Visual Studio Version 16
VisualStudioVersion = 16.0.29509.3
MinimumVisualStudioVersion = 10.0.40219.1
Project("{FAE04EC0-301F-11D3-BF4B-00C04F79EFBC}") = "PopUp", "PopUp.csproj", "{E15FF7AA-7574-47F1-BDDC-B86B8CE87533}"
EndProject
Global
	GlobalSection(SolutionConfigurationPlatforms) = preSolution
		Debug|Any CPU = Debug|Any CPU
		Release|Any CPU = Release|Any CPU
	EndGlobalSection
	GlobalSection(ProjectConfigurationPlatforms) = postSolution
		{E15FF7AA-7574-47F1-BDDC-B86B8CE87533}.Debug|Any CPU.ActiveCfg = Debug|Any CPU
		{E15FF7AA-7574-47F1-BDDC-B86B8CE87533}.Debug|Any CPU.Build.0 = Debug|Any CPU
		{E15FF7AA-7574-47F1-BDDC-B86B8CE87533}.Release|Any CPU.ActiveCfg = Release|Any CPU
		{E15FF7AA-7574-47F1-BDDC-B86B8CE87533}.Release|Any CPU.Build.0 = Release|Any CPU
	EndGlobalSection
	GlobalSection(SolutionProperties) = preSolution
		HideSolutionNode = FALSE
	EndGlobalSection
	GlobalSection(ExtensibilityGlobals) = postSolution
		SolutionGuid = {0C60F063-83B8-4A8D-BCBF-339DDB426C6E}
	EndGlobalSection
EndGlobal
